
Microsoft Visual Studio Solution File, Format Version 12.00
# Visual Studio 15
VisualStudioVersion = 15.0.27703.2042
MinimumVisualStudioVersion = 10.0.40219.1
Project("{FAE04EC0-301F-11D3-BF4B-00C04F79EFBC}") = "LibraryManagementSystem", "LibraryManagementSystem\LibraryManagementSystem.csproj", "{5C0553DB-97D7-44A8-90CB-9712BA49013F}"
EndProject
Project("{FAE04EC0-301F-11D3-BF4B-00C04F79EFBC}") = "LibraryDataAccess", "LibraryDataAccess\LibraryDataAccess.csproj", "{F9473206-1E2F-42EF-AA02-0183ED742AED}"
EndProject
Global
	GlobalSection(SolutionConfigurationPlatforms) = preSolution
		Debug|Any CPU = Debug|Any CPU
		Release|Any CPU = Release|Any CPU
	EndGlobalSection
	GlobalSection(ProjectConfigurationPlatforms) = postSolution
		{5C0553DB-97D7-44A8-90CB-9712BA49013F}.Debug|Any CPU.ActiveCfg = Debug|Any CPU
		{5C0553DB-97D7-44A8-90CB-9712BA49013F}.Debug|Any CPU.Build.0 = Debug|Any CPU
		{5C0553DB-97D7-44A8-90CB-9712BA49013F}.Release|Any CPU.ActiveCfg = Release|Any CPU
		{5C0553DB-97D7-44A8-90CB-9712BA49013F}.Release|Any CPU.Build.0 = Release|Any CPU
		{F9473206-1E2F-42EF-AA02-0183ED742AED}.Debug|Any CPU.ActiveCfg = Debug|Any CPU
		{F9473206-1E2F-42EF-AA02-0183ED742AED}.Debug|Any CPU.Build.0 = Debug|Any CPU
		{F9473206-1E2F-42EF-AA02-0183ED742AED}.Release|Any CPU.ActiveCfg = Release|Any CPU
		{F9473206-1E2F-42EF-AA02-0183ED742AED}.Release|Any CPU.Build.0 = Release|Any CPU
	EndGlobalSection
	GlobalSection(SolutionProperties) = preSolution
		HideSolutionNode = FALSE
	EndGlobalSection
	GlobalSection(ExtensibilityGlobals) = postSolution
		SolutionGuid = {AECDE15C-D5EE-484A-BFCA-59AF8AF89D5C}
	EndGlobalSection
EndGlobal
